
Microsoft Visual Studio Solution File, Format Version 12.00
# Visual Studio Version 17
VisualStudioVersion = 17.7.34024.191
MinimumVisualStudioVersion = 10.0.40219.1
Project("{9A19103F-16F7-4668-BE54-9A1E7A4F7556}") = "BookStorage", "BookStorage\BookStorage.csproj", "{1EA93992-6FA4-4FC7-9851-69287DC98E27}"
EndProject
Project("{9A19103F-16F7-4668-BE54-9A1E7A4F7556}") = "PlayerDatabase", "PlayerDatabase\PlayerDatabase.csproj", "{E63DB1C6-ED01-4F0E-9358-88FFFAE6E98B}"
EndProject
Project("{9A19103F-16F7-4668-BE54-9A1E7A4F7556}") = "Base", "Base\Base.csproj", "{7B1FE3FD-2537-47E8-B7AC-EB422797B767}"
EndProject
Project("{9A19103F-16F7-4668-BE54-9A1E7A4F7556}") = "BaseOOP", "BaseOOP\BaseOOP.csproj", "{257419CF-51F4-4DC7-BE5E-1BEA1A99C37E}"
EndProject
Project("{9A19103F-16F7-4668-BE54-9A1E7A4F7556}") = "CardDeck", "CardDeck\CardDeck.csproj", "{0E00B3A0-2C5E-45DE-B31E-FDF179ED326D}"
EndProject
Project("{9A19103F-16F7-4668-BE54-9A1E7A4F7556}") = "Shop", "Shop\Shop.csproj", "{1279ECBE-115B-4013-A79F-E973A1267DC4}"
EndProject
Project("{9A19103F-16F7-4668-BE54-9A1E7A4F7556}") = "PassangerTrainConfigurator", "PassangerTrainConfigurator\PassangerTrainConfigurator.csproj", "{14B839AC-D5BC-4D73-AF9D-7652D3CE158F}"
EndProject
Project("{9A19103F-16F7-4668-BE54-9A1E7A4F7556}") = "GladiatorFights", "GladiatorFights\GladiatorFights.csproj", "{BC2499B6-10AC-493F-B82B-E458A0F5C9B3}"
EndProject
Project("{9A19103F-16F7-4668-BE54-9A1E7A4F7556}") = "Supermarket", "Supermarket\Supermarket.csproj", "{5186456F-878B-4DE1-A6F1-A72537FEF2BB}"
EndProject
Project("{9A19103F-16F7-4668-BE54-9A1E7A4F7556}") = "War", "War\War.csproj", "{6410CCD9-95A4-489E-BC6E-FB7136F04887}"
EndProject
Project("{9A19103F-16F7-4668-BE54-9A1E7A4F7556}") = "Aquarium", "Aquarium\Aquarium.csproj", "{4F4B0EDB-4204-42C1-9E25-87CD4CF041CE}"
EndProject
Project("{FAE04EC0-301F-11D3-BF4B-00C04F79EFBC}") = "Zoo", "Zoo\Zoo.csproj", "{35425E77-5AFA-480E-A1CF-5B104D2B4493}"
EndProject
Global
	GlobalSection(SolutionConfigurationPlatforms) = preSolution
		Debug|Any CPU = Debug|Any CPU
		Release|Any CPU = Release|Any CPU
	EndGlobalSection
	GlobalSection(ProjectConfigurationPlatforms) = postSolution
		{1EA93992-6FA4-4FC7-9851-69287DC98E27}.Debug|Any CPU.ActiveCfg = Debug|Any CPU
		{1EA93992-6FA4-4FC7-9851-69287DC98E27}.Debug|Any CPU.Build.0 = Debug|Any CPU
		{1EA93992-6FA4-4FC7-9851-69287DC98E27}.Release|Any CPU.ActiveCfg = Release|Any CPU
		{1EA93992-6FA4-4FC7-9851-69287DC98E27}.Release|Any CPU.Build.0 = Release|Any CPU
		{E63DB1C6-ED01-4F0E-9358-88FFFAE6E98B}.Debug|Any CPU.ActiveCfg = Debug|Any CPU
		{E63DB1C6-ED01-4F0E-9358-88FFFAE6E98B}.Debug|Any CPU.Build.0 = Debug|Any CPU
		{E63DB1C6-ED01-4F0E-9358-88FFFAE6E98B}.Release|Any CPU.ActiveCfg = Release|Any CPU
		{E63DB1C6-ED01-4F0E-9358-88FFFAE6E98B}.Release|Any CPU.Build.0 = Release|Any CPU
		{7B1FE3FD-2537-47E8-B7AC-EB422797B767}.Debug|Any CPU.ActiveCfg = Debug|Any CPU
		{7B1FE3FD-2537-47E8-B7AC-EB422797B767}.Debug|Any CPU.Build.0 = Debug|Any CPU
		{7B1FE3FD-2537-47E8-B7AC-EB422797B767}.Release|Any CPU.ActiveCfg = Release|Any CPU
		{7B1FE3FD-2537-47E8-B7AC-EB422797B767}.Release|Any CPU.Build.0 = Release|Any CPU
		{257419CF-51F4-4DC7-BE5E-1BEA1A99C37E}.Debug|Any CPU.ActiveCfg = Debug|Any CPU
		{257419CF-51F4-4DC7-BE5E-1BEA1A99C37E}.Debug|Any CPU.Build.0 = Debug|Any CPU
		{257419CF-51F4-4DC7-BE5E-1BEA1A99C37E}.Release|Any CPU.ActiveCfg = Release|Any CPU
		{257419CF-51F4-4DC7-BE5E-1BEA1A99C37E}.Release|Any CPU.Build.0 = Release|Any CPU
		{0E00B3A0-2C5E-45DE-B31E-FDF179ED326D}.Debug|Any CPU.ActiveCfg = Debug|Any CPU
		{0E00B3A0-2C5E-45DE-B31E-FDF179ED326D}.Debug|Any CPU.Build.0 = Debug|Any CPU
		{0E00B3A0-2C5E-45DE-B31E-FDF179ED326D}.Release|Any CPU.ActiveCfg = Release|Any CPU
		{0E00B3A0-2C5E-45DE-B31E-FDF179ED326D}.Release|Any CPU.Build.0 = Release|Any CPU
		{1279ECBE-115B-4013-A79F-E973A1267DC4}.Debug|Any CPU.ActiveCfg = Debug|Any CPU
		{1279ECBE-115B-4013-A79F-E973A1267DC4}.Debug|Any CPU.Build.0 = Debug|Any CPU
		{1279ECBE-115B-4013-A79F-E973A1267DC4}.Release|Any CPU.ActiveCfg = Release|Any CPU
		{1279ECBE-115B-4013-A79F-E973A1267DC4}.Release|Any CPU.Build.0 = Release|Any CPU
		{14B839AC-D5BC-4D73-AF9D-7652D3CE158F}.Debug|Any CPU.ActiveCfg = Debug|Any CPU
		{14B839AC-D5BC-4D73-AF9D-7652D3CE158F}.Debug|Any CPU.Build.0 = Debug|Any CPU
		{14B839AC-D5BC-4D73-AF9D-7652D3CE158F}.Release|Any CPU.ActiveCfg = Release|Any CPU
		{14B839AC-D5BC-4D73-AF9D-7652D3CE158F}.Release|Any CPU.Build.0 = Release|Any CPU
		{BC2499B6-10AC-493F-B82B-E458A0F5C9B3}.Debug|Any CPU.ActiveCfg = Debug|Any CPU
		{BC2499B6-10AC-493F-B82B-E458A0F5C9B3}.Debug|Any CPU.Build.0 = Debug|Any CPU
		{BC2499B6-10AC-493F-B82B-E458A0F5C9B3}.Release|Any CPU.ActiveCfg = Release|Any CPU
		{BC2499B6-10AC-493F-B82B-E458A0F5C9B3}.Release|Any CPU.Build.0 = Release|Any CPU
		{5186456F-878B-4DE1-A6F1-A72537FEF2BB}.Debug|Any CPU.ActiveCfg = Debug|Any CPU
		{5186456F-878B-4DE1-A6F1-A72537FEF2BB}.Debug|Any CPU.Build.0 = Debug|Any CPU
		{5186456F-878B-4DE1-A6F1-A72537FEF2BB}.Release|Any CPU.ActiveCfg = Release|Any CPU
		{5186456F-878B-4DE1-A6F1-A72537FEF2BB}.Release|Any CPU.Build.0 = Release|Any CPU
		{6410CCD9-95A4-489E-BC6E-FB7136F04887}.Debug|Any CPU.ActiveCfg = Debug|Any CPU
		{6410CCD9-95A4-489E-BC6E-FB7136F04887}.Debug|Any CPU.Build.0 = Debug|Any CPU
		{6410CCD9-95A4-489E-BC6E-FB7136F04887}.Release|Any CPU.ActiveCfg = Release|Any CPU
		{6410CCD9-95A4-489E-BC6E-FB7136F04887}.Release|Any CPU.Build.0 = Release|Any CPU
		{4F4B0EDB-4204-42C1-9E25-87CD4CF041CE}.Debug|Any CPU.ActiveCfg = Debug|Any CPU
		{4F4B0EDB-4204-42C1-9E25-87CD4CF041CE}.Debug|Any CPU.Build.0 = Debug|Any CPU
		{4F4B0EDB-4204-42C1-9E25-87CD4CF041CE}.Release|Any CPU.ActiveCfg = Release|Any CPU
		{4F4B0EDB-4204-42C1-9E25-87CD4CF041CE}.Release|Any CPU.Build.0 = Release|Any CPU
		{35425E77-5AFA-480E-A1CF-5B104D2B4493}.Debug|Any CPU.ActiveCfg = Debug|Any CPU
		{35425E77-5AFA-480E-A1CF-5B104D2B4493}.Debug|Any CPU.Build.0 = Debug|Any CPU
		{35425E77-5AFA-480E-A1CF-5B104D2B4493}.Release|Any CPU.ActiveCfg = Release|Any CPU
		{35425E77-5AFA-480E-A1CF-5B104D2B4493}.Release|Any CPU.Build.0 = Release|Any CPU
	EndGlobalSection
	GlobalSection(SolutionProperties) = preSolution
		HideSolutionNode = FALSE
	EndGlobalSection
	GlobalSection(ExtensibilityGlobals) = postSolution
		SolutionGuid = {DA50A463-24C1-44E2-9D5E-9AB3E638F21A}
	EndGlobalSection
EndGlobal
